
Microsoft Visual Studio Solution File, Format Version 12.00
# Visual Studio 15
VisualStudioVersion = 15.0.28307.902
MinimumVisualStudioVersion = 10.0.40219.1
Project("{E24C65DC-7377-472B-9ABA-BC803B73C61A}") = "Prodotti_tabelle_ASPX", "Prodotti_tabelle_ASPX\", "{2893A8F4-5675-4DED-BEBE-F18313D68248}"
	ProjectSection(WebsiteProperties) = preProject
		TargetFrameworkMoniker = ".NETFramework,Version%3Dv4.6.1"
		Debug.AspNetCompiler.VirtualPath = "/localhost_63685"
		Debug.AspNetCompiler.PhysicalPath = "Prodotti_tabelle_ASPX\"
		Debug.AspNetCompiler.TargetPath = "PrecompiledWeb\localhost_63685\"
		Debug.AspNetCompiler.Updateable = "true"
		Debug.AspNetCompiler.ForceOverwrite = "true"
		Debug.AspNetCompiler.FixedNames = "false"
		Debug.AspNetCompiler.Debug = "True"
		Release.AspNetCompiler.VirtualPath = "/localhost_63685"
		Release.AspNetCompiler.PhysicalPath = "Prodotti_tabelle_ASPX\"
		Release.AspNetCompiler.TargetPath = "PrecompiledWeb\localhost_63685\"
		Release.AspNetCompiler.Updateable = "true"
		Release.AspNetCompiler.ForceOverwrite = "true"
		Release.AspNetCompiler.FixedNames = "false"
		Release.AspNetCompiler.Debug = "False"
		VWDPort = "63685"
		SlnRelativePath = "Prodotti_tabelle_ASPX\"
		DefaultWebSiteLanguage = "Visual C#"
	EndProjectSection
EndProject
Global
	GlobalSection(SolutionConfigurationPlatforms) = preSolution
		Debug|Any CPU = Debug|Any CPU
	EndGlobalSection
	GlobalSection(ProjectConfigurationPlatforms) = postSolution
		{2893A8F4-5675-4DED-BEBE-F18313D68248}.Debug|Any CPU.ActiveCfg = Debug|Any CPU
		{2893A8F4-5675-4DED-BEBE-F18313D68248}.Debug|Any CPU.Build.0 = Debug|Any CPU
	EndGlobalSection
	GlobalSection(SolutionProperties) = preSolution
		HideSolutionNode = FALSE
	EndGlobalSection
	GlobalSection(ExtensibilityGlobals) = postSolution
		SolutionGuid = {A5728545-385C-4556-8EBC-15A1C52BAE8F}
	EndGlobalSection
EndGlobal
