
Microsoft Visual Studio Solution File, Format Version 12.00
# Visual Studio 15
VisualStudioVersion = 15.0.28307.902
MinimumVisualStudioVersion = 10.0.40219.1
Project("{E24C65DC-7377-472B-9ABA-BC803B73C61A}") = "Tavola pitagorica", "Tavola pitagorica\", "{CC382B82-D3B8-44E6-92A5-07A361FC34DE}"
	ProjectSection(WebsiteProperties) = preProject
		TargetFrameworkMoniker = ".NETFramework,Version%3Dv4.6.1"
		Debug.AspNetCompiler.VirtualPath = "/localhost_50961"
		Debug.AspNetCompiler.PhysicalPath = "Tavola pitagorica\"
		Debug.AspNetCompiler.TargetPath = "PrecompiledWeb\localhost_50961\"
		Debug.AspNetCompiler.Updateable = "true"
		Debug.AspNetCompiler.ForceOverwrite = "true"
		Debug.AspNetCompiler.FixedNames = "false"
		Debug.AspNetCompiler.Debug = "True"
		Release.AspNetCompiler.VirtualPath = "/localhost_50961"
		Release.AspNetCompiler.PhysicalPath = "Tavola pitagorica\"
		Release.AspNetCompiler.TargetPath = "PrecompiledWeb\localhost_50961\"
		Release.AspNetCompiler.Updateable = "true"
		Release.AspNetCompiler.ForceOverwrite = "true"
		Release.AspNetCompiler.FixedNames = "false"
		Release.AspNetCompiler.Debug = "False"
		VWDPort = "50961"
		SlnRelativePath = "Tavola pitagorica\"
		DefaultWebSiteLanguage = "Visual C#"
	EndProjectSection
EndProject
Global
	GlobalSection(SolutionConfigurationPlatforms) = preSolution
		Debug|Any CPU = Debug|Any CPU
	EndGlobalSection
	GlobalSection(ProjectConfigurationPlatforms) = postSolution
		{CC382B82-D3B8-44E6-92A5-07A361FC34DE}.Debug|Any CPU.ActiveCfg = Debug|Any CPU
		{CC382B82-D3B8-44E6-92A5-07A361FC34DE}.Debug|Any CPU.Build.0 = Debug|Any CPU
	EndGlobalSection
	GlobalSection(SolutionProperties) = preSolution
		HideSolutionNode = FALSE
	EndGlobalSection
	GlobalSection(ExtensibilityGlobals) = postSolution
		SolutionGuid = {7F0C3256-9633-4B34-9C7C-C276ACDDD483}
	EndGlobalSection
EndGlobal
