
Microsoft Visual Studio Solution File, Format Version 12.00
# Visual Studio 15
VisualStudioVersion = 15.0.28307.902
MinimumVisualStudioVersion = 10.0.40219.1
Project("{E24C65DC-7377-472B-9ABA-BC803B73C61A}") = "Calcolatrice_Web", "Calcolatrice_Web\", "{7501044A-A0C3-4CCC-B11B-7C7BC9715FFF}"
	ProjectSection(WebsiteProperties) = preProject
		TargetFrameworkMoniker = ".NETFramework,Version%3Dv4.6.1"
		Debug.AspNetCompiler.VirtualPath = "/localhost_51722"
		Debug.AspNetCompiler.PhysicalPath = "Calcolatrice_Web\"
		Debug.AspNetCompiler.TargetPath = "PrecompiledWeb\localhost_51722\"
		Debug.AspNetCompiler.Updateable = "true"
		Debug.AspNetCompiler.ForceOverwrite = "true"
		Debug.AspNetCompiler.FixedNames = "false"
		Debug.AspNetCompiler.Debug = "True"
		Release.AspNetCompiler.VirtualPath = "/localhost_51722"
		Release.AspNetCompiler.PhysicalPath = "Calcolatrice_Web\"
		Release.AspNetCompiler.TargetPath = "PrecompiledWeb\localhost_51722\"
		Release.AspNetCompiler.Updateable = "true"
		Release.AspNetCompiler.ForceOverwrite = "true"
		Release.AspNetCompiler.FixedNames = "false"
		Release.AspNetCompiler.Debug = "False"
		VWDPort = "51722"
		DefaultWebSiteLanguage = "Visual C#"
	EndProjectSection
EndProject
Global
	GlobalSection(SolutionConfigurationPlatforms) = preSolution
		Debug|Any CPU = Debug|Any CPU
	EndGlobalSection
	GlobalSection(ProjectConfigurationPlatforms) = postSolution
		{7501044A-A0C3-4CCC-B11B-7C7BC9715FFF}.Debug|Any CPU.ActiveCfg = Debug|Any CPU
		{7501044A-A0C3-4CCC-B11B-7C7BC9715FFF}.Debug|Any CPU.Build.0 = Debug|Any CPU
	EndGlobalSection
	GlobalSection(SolutionProperties) = preSolution
		HideSolutionNode = FALSE
	EndGlobalSection
	GlobalSection(ExtensibilityGlobals) = postSolution
		SolutionGuid = {8776888A-CECE-479C-9241-BB71AE8983DD}
	EndGlobalSection
EndGlobal
