
Microsoft Visual Studio Solution File, Format Version 12.00
# Visual Studio 15
VisualStudioVersion = 15.0.28307.902
MinimumVisualStudioVersion = 10.0.40219.1
Project("{E24C65DC-7377-472B-9ABA-BC803B73C61A}") = "Calcolatrice_ASPX_Vianello", "Calcolatrice_ASPX_Vianello\", "{B7E3B578-D3CB-4F0A-BD32-5133AE936140}"
	ProjectSection(WebsiteProperties) = preProject
		TargetFrameworkMoniker = ".NETFramework,Version%3Dv4.6.1"
		Debug.AspNetCompiler.VirtualPath = "/localhost_58598"
		Debug.AspNetCompiler.PhysicalPath = "Calcolatrice_ASPX_Vianello\"
		Debug.AspNetCompiler.TargetPath = "PrecompiledWeb\localhost_58598\"
		Debug.AspNetCompiler.Updateable = "true"
		Debug.AspNetCompiler.ForceOverwrite = "true"
		Debug.AspNetCompiler.FixedNames = "false"
		Debug.AspNetCompiler.Debug = "True"
		Release.AspNetCompiler.VirtualPath = "/localhost_58598"
		Release.AspNetCompiler.PhysicalPath = "Calcolatrice_ASPX_Vianello\"
		Release.AspNetCompiler.TargetPath = "PrecompiledWeb\localhost_58598\"
		Release.AspNetCompiler.Updateable = "true"
		Release.AspNetCompiler.ForceOverwrite = "true"
		Release.AspNetCompiler.FixedNames = "false"
		Release.AspNetCompiler.Debug = "False"
		VWDPort = "58598"
		SlnRelativePath = "Calcolatrice_ASPX_Vianello\"
		DefaultWebSiteLanguage = "Visual C#"
	EndProjectSection
EndProject
Global
	GlobalSection(SolutionConfigurationPlatforms) = preSolution
		Debug|Any CPU = Debug|Any CPU
	EndGlobalSection
	GlobalSection(ProjectConfigurationPlatforms) = postSolution
		{B7E3B578-D3CB-4F0A-BD32-5133AE936140}.Debug|Any CPU.ActiveCfg = Debug|Any CPU
		{B7E3B578-D3CB-4F0A-BD32-5133AE936140}.Debug|Any CPU.Build.0 = Debug|Any CPU
	EndGlobalSection
	GlobalSection(SolutionProperties) = preSolution
		HideSolutionNode = FALSE
	EndGlobalSection
	GlobalSection(ExtensibilityGlobals) = postSolution
		SolutionGuid = {2B8B66CE-4F59-4CA5-85AA-3864AF91F757}
	EndGlobalSection
EndGlobal
